
Microsoft Visual Studio Solution File, Format Version 11.00
# Visual Studio 2010
Project("{F184B08F-C81C-45F6-A57F-5ABD9991F28F}") = "MangaEden", "MangaEden\MangaEden.vbproj", "{D0C10708-EE3E-479D-81B6-C5CC6F443BCC}"
EndProject
Project("{F184B08F-C81C-45F6-A57F-5ABD9991F28F}") = "MangaEdenAPI", "MangaEdenAPI\MangaEdenAPI.vbproj", "{4D6EB25E-37AD-45D5-A448-E760E3611733}"
EndProject
Project("{F184B08F-C81C-45F6-A57F-5ABD9991F28F}") = "WebElements", "Downloader\WebElements.vbproj", "{680E7DEF-20D8-4BFB-B4B8-9FCBE814EFC5}"
EndProject
Project("{F184B08F-C81C-45F6-A57F-5ABD9991F28F}") = "SettingsManager", "SettingsManager\SettingsManager.vbproj", "{A259566A-582C-42F5-8D54-5993EB7FF772}"
EndProject
Project("{F184B08F-C81C-45F6-A57F-5ABD9991F28F}") = "CommonRoutines", "CommonRoutines\CommonRoutines.vbproj", "{F8334CE9-EED9-4474-BD3D-5FCAE1DDB6BC}"
EndProject
Project("{54435603-DBB4-11D2-8724-00A0C9A8B90C}") = "Setup", "Setup\Setup.vdproj", "{4B233222-F1C6-4AE6-AF62-DE2D97912BD5}"
EndProject
Global
	GlobalSection(SolutionConfigurationPlatforms) = preSolution
		Debug|Any CPU = Debug|Any CPU
		Debug|Mixed Platforms = Debug|Mixed Platforms
		Debug|x86 = Debug|x86
		Release|Any CPU = Release|Any CPU
		Release|Mixed Platforms = Release|Mixed Platforms
		Release|x86 = Release|x86
	EndGlobalSection
	GlobalSection(ProjectConfigurationPlatforms) = postSolution
		{D0C10708-EE3E-479D-81B6-C5CC6F443BCC}.Debug|Any CPU.ActiveCfg = Debug|x86
		{D0C10708-EE3E-479D-81B6-C5CC6F443BCC}.Debug|Mixed Platforms.ActiveCfg = Debug|x86
		{D0C10708-EE3E-479D-81B6-C5CC6F443BCC}.Debug|Mixed Platforms.Build.0 = Debug|x86
		{D0C10708-EE3E-479D-81B6-C5CC6F443BCC}.Debug|x86.ActiveCfg = Debug|x86
		{D0C10708-EE3E-479D-81B6-C5CC6F443BCC}.Debug|x86.Build.0 = Debug|x86
		{D0C10708-EE3E-479D-81B6-C5CC6F443BCC}.Release|Any CPU.ActiveCfg = Release|x86
		{D0C10708-EE3E-479D-81B6-C5CC6F443BCC}.Release|Mixed Platforms.ActiveCfg = Release|x86
		{D0C10708-EE3E-479D-81B6-C5CC6F443BCC}.Release|Mixed Platforms.Build.0 = Release|x86
		{D0C10708-EE3E-479D-81B6-C5CC6F443BCC}.Release|x86.ActiveCfg = Release|x86
		{D0C10708-EE3E-479D-81B6-C5CC6F443BCC}.Release|x86.Build.0 = Release|x86
		{4D6EB25E-37AD-45D5-A448-E760E3611733}.Debug|Any CPU.ActiveCfg = Debug|Any CPU
		{4D6EB25E-37AD-45D5-A448-E760E3611733}.Debug|Any CPU.Build.0 = Debug|Any CPU
		{4D6EB25E-37AD-45D5-A448-E760E3611733}.Debug|Mixed Platforms.ActiveCfg = Debug|Any CPU
		{4D6EB25E-37AD-45D5-A448-E760E3611733}.Debug|Mixed Platforms.Build.0 = Debug|Any CPU
		{4D6EB25E-37AD-45D5-A448-E760E3611733}.Debug|x86.ActiveCfg = Debug|Any CPU
		{4D6EB25E-37AD-45D5-A448-E760E3611733}.Release|Any CPU.ActiveCfg = Release|Any CPU
		{4D6EB25E-37AD-45D5-A448-E760E3611733}.Release|Any CPU.Build.0 = Release|Any CPU
		{4D6EB25E-37AD-45D5-A448-E760E3611733}.Release|Mixed Platforms.ActiveCfg = Release|Any CPU
		{4D6EB25E-37AD-45D5-A448-E760E3611733}.Release|Mixed Platforms.Build.0 = Release|Any CPU
		{4D6EB25E-37AD-45D5-A448-E760E3611733}.Release|x86.ActiveCfg = Release|Any CPU
		{680E7DEF-20D8-4BFB-B4B8-9FCBE814EFC5}.Debug|Any CPU.ActiveCfg = Debug|Any CPU
		{680E7DEF-20D8-4BFB-B4B8-9FCBE814EFC5}.Debug|Any CPU.Build.0 = Debug|Any CPU
		{680E7DEF-20D8-4BFB-B4B8-9FCBE814EFC5}.Debug|Mixed Platforms.ActiveCfg = Debug|Any CPU
		{680E7DEF-20D8-4BFB-B4B8-9FCBE814EFC5}.Debug|Mixed Platforms.Build.0 = Debug|Any CPU
		{680E7DEF-20D8-4BFB-B4B8-9FCBE814EFC5}.Debug|x86.ActiveCfg = Debug|Any CPU
		{680E7DEF-20D8-4BFB-B4B8-9FCBE814EFC5}.Release|Any CPU.ActiveCfg = Release|Any CPU
		{680E7DEF-20D8-4BFB-B4B8-9FCBE814EFC5}.Release|Any CPU.Build.0 = Release|Any CPU
		{680E7DEF-20D8-4BFB-B4B8-9FCBE814EFC5}.Release|Mixed Platforms.ActiveCfg = Release|Any CPU
		{680E7DEF-20D8-4BFB-B4B8-9FCBE814EFC5}.Release|Mixed Platforms.Build.0 = Release|Any CPU
		{680E7DEF-20D8-4BFB-B4B8-9FCBE814EFC5}.Release|x86.ActiveCfg = Release|Any CPU
		{A259566A-582C-42F5-8D54-5993EB7FF772}.Debug|Any CPU.ActiveCfg = Debug|Any CPU
		{A259566A-582C-42F5-8D54-5993EB7FF772}.Debug|Any CPU.Build.0 = Debug|Any CPU
		{A259566A-582C-42F5-8D54-5993EB7FF772}.Debug|Mixed Platforms.ActiveCfg = Debug|Any CPU
		{A259566A-582C-42F5-8D54-5993EB7FF772}.Debug|Mixed Platforms.Build.0 = Debug|Any CPU
		{A259566A-582C-42F5-8D54-5993EB7FF772}.Debug|x86.ActiveCfg = Debug|Any CPU
		{A259566A-582C-42F5-8D54-5993EB7FF772}.Release|Any CPU.ActiveCfg = Release|Any CPU
		{A259566A-582C-42F5-8D54-5993EB7FF772}.Release|Any CPU.Build.0 = Release|Any CPU
		{A259566A-582C-42F5-8D54-5993EB7FF772}.Release|Mixed Platforms.ActiveCfg = Release|Any CPU
		{A259566A-582C-42F5-8D54-5993EB7FF772}.Release|Mixed Platforms.Build.0 = Release|Any CPU
		{A259566A-582C-42F5-8D54-5993EB7FF772}.Release|x86.ActiveCfg = Release|Any CPU
		{F8334CE9-EED9-4474-BD3D-5FCAE1DDB6BC}.Debug|Any CPU.ActiveCfg = Debug|Any CPU
		{F8334CE9-EED9-4474-BD3D-5FCAE1DDB6BC}.Debug|Any CPU.Build.0 = Debug|Any CPU
		{F8334CE9-EED9-4474-BD3D-5FCAE1DDB6BC}.Debug|Mixed Platforms.ActiveCfg = Debug|Any CPU
		{F8334CE9-EED9-4474-BD3D-5FCAE1DDB6BC}.Debug|Mixed Platforms.Build.0 = Debug|Any CPU
		{F8334CE9-EED9-4474-BD3D-5FCAE1DDB6BC}.Debug|x86.ActiveCfg = Debug|Any CPU
		{F8334CE9-EED9-4474-BD3D-5FCAE1DDB6BC}.Release|Any CPU.ActiveCfg = Release|Any CPU
		{F8334CE9-EED9-4474-BD3D-5FCAE1DDB6BC}.Release|Any CPU.Build.0 = Release|Any CPU
		{F8334CE9-EED9-4474-BD3D-5FCAE1DDB6BC}.Release|Mixed Platforms.ActiveCfg = Release|Any CPU
		{F8334CE9-EED9-4474-BD3D-5FCAE1DDB6BC}.Release|Mixed Platforms.Build.0 = Release|Any CPU
		{F8334CE9-EED9-4474-BD3D-5FCAE1DDB6BC}.Release|x86.ActiveCfg = Release|Any CPU
		{4B233222-F1C6-4AE6-AF62-DE2D97912BD5}.Debug|Any CPU.ActiveCfg = Debug
		{4B233222-F1C6-4AE6-AF62-DE2D97912BD5}.Debug|Mixed Platforms.ActiveCfg = Debug
		{4B233222-F1C6-4AE6-AF62-DE2D97912BD5}.Debug|x86.ActiveCfg = Debug
		{4B233222-F1C6-4AE6-AF62-DE2D97912BD5}.Release|Any CPU.ActiveCfg = Release
		{4B233222-F1C6-4AE6-AF62-DE2D97912BD5}.Release|Mixed Platforms.ActiveCfg = Release
		{4B233222-F1C6-4AE6-AF62-DE2D97912BD5}.Release|x86.ActiveCfg = Release
	EndGlobalSection
	GlobalSection(SolutionProperties) = preSolution
		HideSolutionNode = FALSE
	EndGlobalSection
EndGlobal
